
Microsoft Visual Studio Solution File, Format Version 12.00
# Visual Studio Version 17
VisualStudioVersion = 17.13.35919.96
MinimumVisualStudioVersion = 10.0.40219.1
Project("{FAE04EC0-301F-11D3-BF4B-00C04F79EFBC}") = "PMB", "PMB\PMB.csproj", "{DD8DE360-0A6C-4E76-817C-D00D0C60AF57}"
EndProject
Project("{FAE04EC0-301F-11D3-BF4B-00C04F79EFBC}") = "Test1", "Test1\Test1.csproj", "{65E19B56-3263-4A85-823B-2A8C1738765E}"
EndProject
Project("{FAE04EC0-301F-11D3-BF4B-00C04F79EFBC}") = "API", "API\API.csproj", "{8E73A443-CAF9-45C6-A78F-CA42C3045154}"
EndProject
Global
	GlobalSection(SolutionConfigurationPlatforms) = preSolution
		Debug|Any CPU = Debug|Any CPU
		Release|Any CPU = Release|Any CPU
	EndGlobalSection
	GlobalSection(ProjectConfigurationPlatforms) = postSolution
		{DD8DE360-0A6C-4E76-817C-D00D0C60AF57}.Debug|Any CPU.ActiveCfg = Debug|Any CPU
		{DD8DE360-0A6C-4E76-817C-D00D0C60AF57}.Debug|Any CPU.Build.0 = Debug|Any CPU
		{DD8DE360-0A6C-4E76-817C-D00D0C60AF57}.Release|Any CPU.ActiveCfg = Release|Any CPU
		{DD8DE360-0A6C-4E76-817C-D00D0C60AF57}.Release|Any CPU.Build.0 = Release|Any CPU
		{65E19B56-3263-4A85-823B-2A8C1738765E}.Debug|Any CPU.ActiveCfg = Debug|Any CPU
		{65E19B56-3263-4A85-823B-2A8C1738765E}.Debug|Any CPU.Build.0 = Debug|Any CPU
		{65E19B56-3263-4A85-823B-2A8C1738765E}.Release|Any CPU.ActiveCfg = Release|Any CPU
		{65E19B56-3263-4A85-823B-2A8C1738765E}.Release|Any CPU.Build.0 = Release|Any CPU
		{8E73A443-CAF9-45C6-A78F-CA42C3045154}.Debug|Any CPU.ActiveCfg = Debug|Any CPU
		{8E73A443-CAF9-45C6-A78F-CA42C3045154}.Debug|Any CPU.Build.0 = Debug|Any CPU
		{8E73A443-CAF9-45C6-A78F-CA42C3045154}.Release|Any CPU.ActiveCfg = Release|Any CPU
		{8E73A443-CAF9-45C6-A78F-CA42C3045154}.Release|Any CPU.Build.0 = Release|Any CPU
	EndGlobalSection
	GlobalSection(SolutionProperties) = preSolution
		HideSolutionNode = FALSE
	EndGlobalSection
	GlobalSection(ExtensibilityGlobals) = postSolution
		SolutionGuid = {FE355D62-100B-49CC-802B-BB65FED16172}
	EndGlobalSection
EndGlobal
